
Microsoft Visual Studio Solution File, Format Version 11.00
# Visual Studio 2010
Project("{FAE04EC0-301F-11D3-BF4B-00C04F79EFBC}") = "MvcIMO4", "MvcIMO4\MvcIMO4.csproj", "{D9E1676A-E61B-45E2-ABC6-57D78CA70234}"
EndProject
Project("{FAE04EC0-301F-11D3-BF4B-00C04F79EFBC}") = "MvcIMO4.Tests", "MvcIMO4.Tests\MvcIMO4.Tests.csproj", "{8A5CB62F-1F6C-4543-A5DF-C40501D85D02}"
EndProject
Global
	GlobalSection(SolutionConfigurationPlatforms) = preSolution
		Debug|Any CPU = Debug|Any CPU
		Release|Any CPU = Release|Any CPU
	EndGlobalSection
	GlobalSection(ProjectConfigurationPlatforms) = postSolution
		{D9E1676A-E61B-45E2-ABC6-57D78CA70234}.Debug|Any CPU.ActiveCfg = Debug|Any CPU
		{D9E1676A-E61B-45E2-ABC6-57D78CA70234}.Debug|Any CPU.Build.0 = Debug|Any CPU
		{D9E1676A-E61B-45E2-ABC6-57D78CA70234}.Release|Any CPU.ActiveCfg = Release|Any CPU
		{D9E1676A-E61B-45E2-ABC6-57D78CA70234}.Release|Any CPU.Build.0 = Release|Any CPU
		{8A5CB62F-1F6C-4543-A5DF-C40501D85D02}.Debug|Any CPU.ActiveCfg = Debug|Any CPU
		{8A5CB62F-1F6C-4543-A5DF-C40501D85D02}.Debug|Any CPU.Build.0 = Debug|Any CPU
		{8A5CB62F-1F6C-4543-A5DF-C40501D85D02}.Release|Any CPU.ActiveCfg = Release|Any CPU
		{8A5CB62F-1F6C-4543-A5DF-C40501D85D02}.Release|Any CPU.Build.0 = Release|Any CPU
	EndGlobalSection
	GlobalSection(SolutionProperties) = preSolution
		HideSolutionNode = FALSE
	EndGlobalSection
EndGlobal
